
Microsoft Visual Studio Solution File, Format Version 12.00
# Visual Studio 15
VisualStudioVersion = 15.0.28307.1321
MinimumVisualStudioVersion = 10.0.40219.1
Project("{FAE04EC0-301F-11D3-BF4B-00C04F79EFBC}") = "ApiContatos", "ApiContatos\ApiContatos.csproj", "{0D936CBD-E522-41DD-8470-05238F17F139}"
EndProject
Global
	GlobalSection(SolutionConfigurationPlatforms) = preSolution
		Debug|Any CPU = Debug|Any CPU
		Release|Any CPU = Release|Any CPU
	EndGlobalSection
	GlobalSection(ProjectConfigurationPlatforms) = postSolution
		{0D936CBD-E522-41DD-8470-05238F17F139}.Debug|Any CPU.ActiveCfg = Debug|Any CPU
		{0D936CBD-E522-41DD-8470-05238F17F139}.Debug|Any CPU.Build.0 = Debug|Any CPU
		{0D936CBD-E522-41DD-8470-05238F17F139}.Release|Any CPU.ActiveCfg = Release|Any CPU
		{0D936CBD-E522-41DD-8470-05238F17F139}.Release|Any CPU.Build.0 = Release|Any CPU
	EndGlobalSection
	GlobalSection(SolutionProperties) = preSolution
		HideSolutionNode = FALSE
	EndGlobalSection
	GlobalSection(ExtensibilityGlobals) = postSolution
		SolutionGuid = {C2E5EECE-4C5B-46A2-AB26-025F5E59B595}
	EndGlobalSection
EndGlobal
